// !$*UTF8*$!
{
	archiveVersion = 1;
	classes = {
	};
	objectVersion = 46;
	objects = {

/* Begin PBXBuildFile section */
		AAA5E7411B073D4A00C17B18 /* HierarchyReader.swift in Sources */ = {isa = PBXBuildFile; fileRef = AAA5E7401B073D4A00C17B18 /* HierarchyReader.swift */; };
		AAA5E7431B073D5E00C17B18 /* HierarchyWriter.swift in Sources */ = {isa = PBXBuildFile; fileRef = AAA5E7421B073D5E00C17B18 /* HierarchyWriter.swift */; };
		AAA5E7451B073EA600C17B18 /* HierarchyEntry.swift in Sources */ = {isa = PBXBuildFile; fileRef = AAA5E7441B073EA600C17B18 /* HierarchyEntry.swift */; };
		AACF546D1B012A810065ED52 /* main.swift in Sources */ = {isa = PBXBuildFile; fileRef = AACF546C1B012A810065ED52 /* main.swift */; };
		AACF54741B012B380065ED52 /* FileManager.swift in Sources */ = {isa = PBXBuildFile; fileRef = AACF54731B012B380065ED52 /* FileManager.swift */; };
		AACF54781B012BD00065ED52 /* Stopwatch.swift in Sources */ = {isa = PBXBuildFile; fileRef = AACF54771B012BD00065ED52 /* Stopwatch.swift */; };
/* End PBXBuildFile section */

/* Begin PBXCopyFilesBuildPhase section */
		AACF54671B012A810065ED52 /* CopyFiles */ = {
			isa = PBXCopyFilesBuildPhase;
			buildActionMask = 2147483647;
			dstPath = /usr/share/man/man1/;
			dstSubfolderSpec = 0;
			files = (
			);
			runOnlyForDeploymentPostprocessing = 1;
		};
/* End PBXCopyFilesBuildPhase section */

/* Begin PBXFileReference section */
		AAA5E7401B073D4A00C17B18 /* HierarchyReader.swift */ = {isa = PBXFileReference; fileEncoding = 4; lastKnownFileType = sourcecode.swift; path = HierarchyReader.swift; sourceTree = "<group>"; };
		AAA5E7421B073D5E00C17B18 /* HierarchyWriter.swift */ = {isa = PBXFileReference; fileEncoding = 4; lastKnownFileType = sourcecode.swift; path = HierarchyWriter.swift; sourceTree = "<group>"; };
		AAA5E7441B073EA600C17B18 /* HierarchyEntry.swift */ = {isa = PBXFileReference; fileEncoding = 4; lastKnownFileType = sourcecode.swift; path = HierarchyEntry.swift; sourceTree = "<group>"; };
		AAA5E7461B07587000C17B18 /* LOCAL-NOTES.txt */ = {isa = PBXFileReference; fileEncoding = 4; lastKnownFileType = text; path = "LOCAL-NOTES.txt"; sourceTree = "<group>"; };
		AACF54691B012A810065ED52 /* fileorganizer */ = {isa = PBXFileReference; explicitFileType = "compiled.mach-o.executable"; includeInIndex = 0; path = fileorganizer; sourceTree = BUILT_PRODUCTS_DIR; };
		AACF546C1B012A810065ED52 /* main.swift */ = {isa = PBXFileReference; lastKnownFileType = sourcecode.swift; path = main.swift; sourceTree = "<group>"; };
		AACF54731B012B380065ED52 /* FileManager.swift */ = {isa = PBXFileReference; fileEncoding = 4; lastKnownFileType = sourcecode.swift; path = FileManager.swift; sourceTree = "<group>"; };
		AACF54771B012BD00065ED52 /* Stopwatch.swift */ = {isa = PBXFileReference; fileEncoding = 4; lastKnownFileType = sourcecode.swift; path = Stopwatch.swift; sourceTree = "<group>"; };
/* End PBXFileReference section */

/* Begin PBXFrameworksBuildPhase section */
		AACF54661B012A810065ED52 /* Frameworks */ = {
			isa = PBXFrameworksBuildPhase;
			buildActionMask = 2147483647;
			files = (
			);
			runOnlyForDeploymentPostprocessing = 0;
		};
/* End PBXFrameworksBuildPhase section */

/* Begin PBXGroup section */
		AACF54601B012A810065ED52 = {
			isa = PBXGroup;
			children = (
				AACF546B1B012A810065ED52 /* fileorganizer */,
				AACF546A1B012A810065ED52 /* Products */,
			);
			sourceTree = "<group>";
		};
		AACF546A1B012A810065ED52 /* Products */ = {
			isa = PBXGroup;
			children = (
				AACF54691B012A810065ED52 /* fileorganizer */,
			);
			name = Products;
			sourceTree = "<group>";
		};
		AACF546B1B012A810065ED52 /* fileorganizer */ = {
			isa = PBXGroup;
			children = (
				AACF546C1B012A810065ED52 /* main.swift */,
				AACF54731B012B380065ED52 /* FileManager.swift */,
				AACF54771B012BD00065ED52 /* Stopwatch.swift */,
				AAA5E7401B073D4A00C17B18 /* HierarchyReader.swift */,
				AAA5E7421B073D5E00C17B18 /* HierarchyWriter.swift */,
				AAA5E7441B073EA600C17B18 /* HierarchyEntry.swift */,
				AAA5E7461B07587000C17B18 /* LOCAL-NOTES.txt */,
			);
			path = fileorganizer;
			sourceTree = "<group>";
		};
/* End PBXGroup section */

/* Begin PBXNativeTarget section */
		AACF54681B012A810065ED52 /* fileorganizer */ = {
			isa = PBXNativeTarget;
			buildConfigurationList = AACF54701B012A810065ED52 /* Build configuration list for PBXNativeTarget "fileorganizer" */;
			buildPhases = (
				AACF54651B012A810065ED52 /* Sources */,
				AACF54661B012A810065ED52 /* Frameworks */,
				AACF54671B012A810065ED52 /* CopyFiles */,
			);
			buildRules = (
			);
			dependencies = (
			);
			name = fileorganizer;
			productName = fileorganizer;
			productReference = AACF54691B012A810065ED52 /* fileorganizer */;
			productType = "com.apple.product-type.tool";
		};
/* End PBXNativeTarget section */

/* Begin PBXProject section */
		AACF54611B012A810065ED52 /* Project object */ = {
			isa = PBXProject;
			attributes = {
				LastUpgradeCheck = 0630;
				ORGANIZATIONNAME = "Danilo Gomes";
				TargetAttributes = {
					AACF54681B012A810065ED52 = {
						CreatedOnToolsVersion = 6.3.1;
					};
				};
			};
			buildConfigurationList = AACF54641B012A810065ED52 /* Build configuration list for PBXProject "fileorganizer" */;
			compatibilityVersion = "Xcode 3.2";
			developmentRegion = English;
			hasScannedForEncodings = 0;
			knownRegions = (
				en,
			);
			mainGroup = AACF54601B012A810065ED52;
			productRefGroup = AACF546A1B012A810065ED52 /* Products */;
			projectDirPath = "";
			projectRoot = "";
			targets = (
				AACF54681B012A810065ED52 /* fileorganizer */,
			);
		};
/* End PBXProject section */

/* Begin PBXSourcesBuildPhase section */
		AACF54651B012A810065ED52 /* Sources */ = {
			isa = PBXSourcesBuildPhase;
			buildActionMask = 2147483647;
			files = (
				AACF546D1B012A810065ED52 /* main.swift in Sources */,
				AACF54781B012BD00065ED52 /* Stopwatch.swift in Sources */,
				AAA5E7451B073EA600C17B18 /* HierarchyEntry.swift in Sources */,
				AAA5E7431B073D5E00C17B18 /* HierarchyWriter.swift in Sources */,
				AAA5E7411B073D4A00C17B18 /* HierarchyReader.swift in Sources */,
				AACF54741B012B380065ED52 /* FileManager.swift in Sources */,
			);
			runOnlyForDeploymentPostprocessing = 0;
		};
/* End PBXSourcesBuildPhase section */

/* Begin XCBuildConfiguration section */
		AACF546E1B012A810065ED52 /* Debug */ = {
			isa = XCBuildConfiguration;
			buildSettings = {
				ALWAYS_SEARCH_USER_PATHS = NO;
				CLANG_CXX_LANGUAGE_STANDARD = "gnu++0x";
				CLANG_CXX_LIBRARY = "libc++";
				CLANG_ENABLE_MODULES = YES;
				CLANG_ENABLE_OBJC_ARC = YES;
				CLANG_WARN_BOOL_CONVERSION = YES;
				CLANG_WARN_CONSTANT_CONVERSION = YES;
				CLANG_WARN_DIRECT_OBJC_ISA_USAGE = YES_ERROR;
				CLANG_WARN_EMPTY_BODY = YES;
				CLANG_WARN_ENUM_CONVERSION = YES;
				CLANG_WARN_INT_CONVERSION = YES;
				CLANG_WARN_OBJC_ROOT_CLASS = YES_ERROR;
				CLANG_WARN_UNREACHABLE_CODE = YES;
				CLANG_WARN__DUPLICATE_METHOD_MATCH = YES;
				COPY_PHASE_STRIP = NO;
				DEBUG_INFORMATION_FORMAT = dwarf;
				ENABLE_STRICT_OBJC_MSGSEND = YES;
				GCC_C_LANGUAGE_STANDARD = gnu99;
				GCC_DYNAMIC_NO_PIC = NO;
				GCC_NO_COMMON_BLOCKS = YES;
				GCC_OPTIMIZATION_LEVEL = 0;
				GCC_PREPROCESSOR_DEFINITIONS = (
					"DEBUG=1",
					"$(inherited)",
				);
				GCC_SYMBOLS_PRIVATE_EXTERN = NO;
				GCC_WARN_64_TO_32_BIT_CONVERSION = YES;
				GCC_WARN_ABOUT_RETURN_TYPE = YES_ERROR;
				GCC_WARN_UNDECLARED_SELECTOR = YES;
				GCC_WARN_UNINITIALIZED_AUTOS = YES_AGGRESSIVE;
				GCC_WARN_UNUSED_FUNCTION = YES;
				GCC_WARN_UNUSED_VARIABLE = YES;
				MACOSX_DEPLOYMENT_TARGET = 10.10;
				MTL_ENABLE_DEBUG_INFO = YES;
				ONLY_ACTIVE_ARCH = YES;
				SDKROOT = macosx;
				SWIFT_OPTIMIZATION_LEVEL = "-Onone";
			};
			name = Debug;
		};
		AACF546F1B012A810065ED52 /* Release */ = {
			isa = XCBuildConfiguration;
			buildSettings = {
				ALWAYS_SEARCH_USER_PATHS = NO;
				CLANG_CXX_LANGUAGE_STANDARD = "gnu++0x";
				CLANG_CXX_LIBRARY = "libc++";
				CLANG_ENABLE_MODULES = YES;
				CLANG_ENABLE_OBJC_ARC = YES;
				CLANG_WARN_BOOL_CONVERSION = YES;
				CLANG_WARN_CONSTANT_CONVERSION = YES;
				CLANG_WARN_DIRECT_OBJC_ISA_USAGE = YES_ERROR;
				CLANG_WARN_EMPTY_BODY = YES;
				CLANG_WARN_ENUM_CONVERSION = YES;
				CLANG_WARN_INT_CONVERSION = YES;
				CLANG_WARN_OBJC_ROOT_CLASS = YES_ERROR;
				CLANG_WARN_UNREACHABLE_CODE = YES;
				CLANG_WARN__DUPLICATE_METHOD_MATCH = YES;
				COPY_PHASE_STRIP = NO;
				DEBUG_INFORMATION_FORMAT = "dwarf-with-dsym";
				ENABLE_NS_ASSERTIONS = NO;
				ENABLE_STRICT_OBJC_MSGSEND = YES;
				GCC_C_LANGUAGE_STANDARD = gnu99;
				GCC_NO_COMMON_BLOCKS = YES;
				GCC_WARN_64_TO_32_BIT_CONVERSION = YES;
				GCC_WARN_ABOUT_RETURN_TYPE = YES_ERROR;
				GCC_WARN_UNDECLARED_SELECTOR = YES;
				GCC_WARN_UNINITIALIZED_AUTOS = YES_AGGRESSIVE;
				GCC_WARN_UNUSED_FUNCTION = YES;
				GCC_WARN_UNUSED_VARIABLE = YES;
				MACOSX_DEPLOYMENT_TARGET = 10.10;
				MTL_ENABLE_DEBUG_INFO = NO;
				SDKROOT = macosx;
			};
			name = Release;
		};
		AACF54711B012A810065ED52 /* Debug */ = {
			isa = XCBuildConfiguration;
			buildSettings = {
				PRODUCT_NAME = "$(TARGET_NAME)";
			};
			name = Debug;
		};
		AACF54721B012A810065ED52 /* Release */ = {
			isa = XCBuildConfiguration;
			buildSettings = {
				PRODUCT_NAME = "$(TARGET_NAME)";
			};
			name = Release;
		};
/* End XCBuildConfiguration section */

/* Begin XCConfigurationList section */
		AACF54641B012A810065ED52 /* Build configuration list for PBXProject "fileorganizer" */ = {
			isa = XCConfigurationList;
			buildConfigurations = (
				AACF546E1B012A810065ED52 /* Debug */,
				AACF546F1B012A810065ED52 /* Release */,
			);
			defaultConfigurationIsVisible = 0;
			defaultConfigurationName = Release;
		};
		AACF54701B012A810065ED52 /* Build configuration list for PBXNativeTarget "fileorganizer" */ = {
			isa = XCConfigurationList;
			buildConfigurations = (
				AACF54711B012A810065ED52 /* Debug */,
				AACF54721B012A810065ED52 /* Release */,
			);
			defaultConfigurationIsVisible = 0;
			defaultConfigurationName = Release;
		};
/* End XCConfigurationList section */
	};
	rootObject = AACF54611B012A810065ED52 /* Project object */;
}
